// !$*UTF8*$!
{
	archiveVersion = 1;
	classes = {
	};
	objectVersion = 54;
	objects = {

/* Begin PBXBuildFile section */
		00E356F31AD99517003FC87E /* gptrnbluetoothTests.m in Sources */ = {isa = PBXBuildFile; fileRef = 00E356F21AD99517003FC87E /* gptrnbluetoothTests.m */; };
		039C3B90015E4ED2B15C4444 /* Poppins-ThinItalic.ttf in Resources */ = {isa = PBXBuildFile; fileRef = D899C38EBAAB473981555A95 /* Poppins-ThinItalic.ttf */; };
		07BB0099D1364F268536D8EE /* Poppins-ExtraBold.ttf in Resources */ = {isa = PBXBuildFile; fileRef = 83D7A0DF5DF443BAB7B6485F /* Poppins-ExtraBold.ttf */; };
		09B4EC340AA2478B911CF477 /* Poppins-ExtraLight.ttf in Resources */ = {isa = PBXBuildFile; fileRef = 1286725B724745638D11CABA /* Poppins-ExtraLight.ttf */; };
		0B15064F290744EBA8453F1F /* Poppins-BoldItalic.ttf in Resources */ = {isa = PBXBuildFile; fileRef = 293F08C8907443C1A5F25F88 /* Poppins-BoldItalic.ttf */; };
		12804BC1C7E6469B8FAC3348 /* Roboto-Medium.ttf in Resources */ = {isa = PBXBuildFile; fileRef = 19A282E86C584D9DA20CBFF3 /* Roboto-Medium.ttf */; };
		13B07FBC1A68108700A75B9A /* AppDelegate.mm in Sources */ = {isa = PBXBuildFile; fileRef = 13B07FB01A68108700A75B9A /* AppDelegate.mm */; };
		13B07FC11A68108700A75B9A /* main.m in Sources */ = {isa = PBXBuildFile; fileRef = 13B07FB71A68108700A75B9A /* main.m */; };
		25B2E43B16274EF9A30988E1 /* digital-7.ttf in Resources */ = {isa = PBXBuildFile; fileRef = EA9B9B32B57845B2BE90CF78 /* digital-7.ttf */; };
		2C0A451DDFC84BBEAB2FC191 /* Poppins-ExtraLightItalic.ttf in Resources */ = {isa = PBXBuildFile; fileRef = 0EF4FE1AC12D4B939E445D49 /* Poppins-ExtraLightItalic.ttf */; };
		3B5A618D42054FB4863931F8 /* Roboto-LightItalic.ttf in Resources */ = {isa = PBXBuildFile; fileRef = 4512622FEC8A4935B3D704CF /* Roboto-LightItalic.ttf */; };
		421C5CEC8C634082AD12C7F4 /* Poppins-Bold.ttf in Resources */ = {isa = PBXBuildFile; fileRef = 8FF08E6EB0404FD4A8C4D47B /* Poppins-Bold.ttf */; };
		4270F176A86A4B51A11A7054 /* Roboto-BlackItalic.ttf in Resources */ = {isa = PBXBuildFile; fileRef = 9548B21B29A34262B8E9BDEB /* Roboto-BlackItalic.ttf */; };
		4362A5DCFF0346919792ACD8 /* Roboto-Thin.ttf in Resources */ = {isa = PBXBuildFile; fileRef = 89879C5EA7BC48F09CCA60E8 /* Roboto-Thin.ttf */; };
		4FE32A93FE364C83AD3D01AB /* Roboto-ThinItalic.ttf in Resources */ = {isa = PBXBuildFile; fileRef = B501C0B1412949448BCD9054 /* Roboto-ThinItalic.ttf */; };
		57323CB1A3AD43E3BD6E4E14 /* Poppins-SemiBoldItalic.ttf in Resources */ = {isa = PBXBuildFile; fileRef = A56A79D8B8074C1EBE98B959 /* Poppins-SemiBoldItalic.ttf */; };
		62903AB967DE4AFDAA3E8906 /* Poppins-Italic.ttf in Resources */ = {isa = PBXBuildFile; fileRef = B94D1675276F436B9E11F1CC /* Poppins-Italic.ttf */; };
		69553C016D8747569FFB1E72 /* Poppins-BlackItalic.ttf in Resources */ = {isa = PBXBuildFile; fileRef = 580FCCD17DC445D5A903B8AE /* Poppins-BlackItalic.ttf */; };
		7200B003914F48D2BBBCFBA8 /* CfLcd521Regular-e4Jm.ttf in Resources */ = {isa = PBXBuildFile; fileRef = 2AC116DAFC3E42889A9702BD /* CfLcd521Regular-e4Jm.ttf */; };
		7BF189D78A0D88B1B6AA9C38 /* libPods-gptrnbluetooth.a in Frameworks */ = {isa = PBXBuildFile; fileRef = D4E93BFCF8E7AC3F6E2EFB04 /* libPods-gptrnbluetooth.a */; };
		7D0750F8CF624C6BADCAF8B6 /* Open24DisplaySt-KRL7.ttf in Resources */ = {isa = PBXBuildFile; fileRef = 4EF430EB41DD4F028F7BC432 /* Open24DisplaySt-KRL7.ttf */; };
		88F1D1B50DFD484DA75D1963 /* Roboto-BoldItalic.ttf in Resources */ = {isa = PBXBuildFile; fileRef = E804F15EB5F54FAA96302C04 /* Roboto-BoldItalic.ttf */; };
		89933208BDA24CE587BEAFB5 /* Poppins-SemiBold.ttf in Resources */ = {isa = PBXBuildFile; fileRef = 29DA628A92A14073B683CFAE /* Poppins-SemiBold.ttf */; };
		8AA567BAF0CA469296E29917 /* Segment7-4Gml.otf in Resources */ = {isa = PBXBuildFile; fileRef = EC2DE27115324986A6DA0521 /* Segment7-4Gml.otf */; };
		8D36474BECB4459A92DA2094 /* Poppins-ExtraBoldItalic.ttf in Resources */ = {isa = PBXBuildFile; fileRef = 533656EF6566443A80CC1DE4 /* Poppins-ExtraBoldItalic.ttf */; };
		8F296ED376374A70930D0F92 /* Poppins-Medium.ttf in Resources */ = {isa = PBXBuildFile; fileRef = 51A0C0C4A4804B7E89652129 /* Poppins-Medium.ttf */; };
		922E9E2C0F0A38DA3807C90F /* libPods-gptrnbluetooth-gptrnbluetoothTests.a in Frameworks */ = {isa = PBXBuildFile; fileRef = 56B57414C1088638AC0364C9 /* libPods-gptrnbluetooth-gptrnbluetoothTests.a */; };
		9847ADC92E609CA0008EE05E /* Images.xcassets in Resources */ = {isa = PBXBuildFile; fileRef = 13B07FB51A68108700A75B9A /* Images.xcassets */; };
		9ACF7226B4A04A62A744253D /* Poppins-Light.ttf in Resources */ = {isa = PBXBuildFile; fileRef = 91227625ABB3487698A16EDE /* Poppins-Light.ttf */; };
		A011E592505F4C3EB7D5DC50 /* Poppins-Regular.ttf in Resources */ = {isa = PBXBuildFile; fileRef = 3569BC6F42D248AB9482A3C6 /* Poppins-Regular.ttf */; };
		ACF89F690E0043CE9FDB68D4 /* Roboto-Bold.ttf in Resources */ = {isa = PBXBuildFile; fileRef = 8E8D00C083094F50A4C54725 /* Roboto-Bold.ttf */; };
		BA3A23A2DA98439FA1CB7A98 /* LedDigital7-vmYjy.ttf in Resources */ = {isa = PBXBuildFile; fileRef = 3C045BCD3F4A454C855AEC87 /* LedDigital7-vmYjy.ttf */; };
		C787C116187548EBAAB4F8BC /* Poppins-MediumItalic.ttf in Resources */ = {isa = PBXBuildFile; fileRef = 376CD77891E04670AD060824 /* Poppins-MediumItalic.ttf */; };
		CA2A7DCE60D5400AA0E2109F /* Poppins-Black.ttf in Resources */ = {isa = PBXBuildFile; fileRef = FF1B4F5ECD2E4F15B31E3274 /* Poppins-Black.ttf */; };
		DB9021206A024CC78113F6A6 /* Roboto-Black.ttf in Resources */ = {isa = PBXBuildFile; fileRef = 84393F7BD0FB4B4AB10915EB /* Roboto-Black.ttf */; };
		DEF313A07E394F83901D6B0F /* Poppins-LightItalic.ttf in Resources */ = {isa = PBXBuildFile; fileRef = 652CF2302EDF456A9CD31AF7 /* Poppins-LightItalic.ttf */; };
		E357B9CF4B17B58FFACC7C3A /* PrivacyInfo.xcprivacy in Resources */ = {isa = PBXBuildFile; fileRef = 630B8E7959C89BC2E3F2CCA2 /* PrivacyInfo.xcprivacy */; };
		EC5D327754A34775941CDA6C /* Roboto-Regular.ttf in Resources */ = {isa = PBXBuildFile; fileRef = 4BC3B082BBE04F57B0BE3862 /* Roboto-Regular.ttf */; };
		EF16D9AFE0F440E7AADC79B6 /* Roboto-Light.ttf in Resources */ = {isa = PBXBuildFile; fileRef = DC026BB22730417C85EA62FC /* Roboto-Light.ttf */; };
		F2B3E643609547E6B639EB16 /* Roboto-MediumItalic.ttf in Resources */ = {isa = PBXBuildFile; fileRef = 90FC4C53480C42C08DDEE5A1 /* Roboto-MediumItalic.ttf */; };
		F3D6428271A9483D874F0D24 /* Poppins-Thin.ttf in Resources */ = {isa = PBXBuildFile; fileRef = 411CAABE48BB476AA1E281B2 /* Poppins-Thin.ttf */; };
		FDEACB715B01467EBFFAE9A7 /* Roboto-Italic.ttf in Resources */ = {isa = PBXBuildFile; fileRef = 6A02E231A36B416CA0FF1AB6 /* Roboto-Italic.ttf */; };
/* End PBXBuildFile section */

/* Begin PBXContainerItemProxy section */
		00E356F41AD99517003FC87E /* PBXContainerItemProxy */ = {
			isa = PBXContainerItemProxy;
			containerPortal = 83CBB9F71A601CBA00E9B192 /* Project object */;
			proxyType = 1;
			remoteGlobalIDString = 13B07F861A680F5B00A75B9A;
			remoteInfo = gptrnbluetooth;
		};
/* End PBXContainerItemProxy section */

/* Begin PBXFileReference section */
		00E356EE1AD99517003FC87E /* gptrnbluetoothTests.xctest */ = {isa = PBXFileReference; explicitFileType = wrapper.cfbundle; includeInIndex = 0; path = gptrnbluetoothTests.xctest; sourceTree = BUILT_PRODUCTS_DIR; };
		00E356F11AD99517003FC87E /* Info.plist */ = {isa = PBXFileReference; lastKnownFileType = text.plist.xml; path = Info.plist; sourceTree = "<group>"; };
		00E356F21AD99517003FC87E /* gptrnbluetoothTests.m */ = {isa = PBXFileReference; lastKnownFileType = sourcecode.c.objc; path = gptrnbluetoothTests.m; sourceTree = "<group>"; };
		0EF4FE1AC12D4B939E445D49 /* Poppins-ExtraLightItalic.ttf */ = {isa = PBXFileReference; explicitFileType = undefined; fileEncoding = 9; includeInIndex = 0; lastKnownFileType = unknown; name = "Poppins-ExtraLightItalic.ttf"; path = "../src/assets/fonts/Poppins-ExtraLightItalic.ttf"; sourceTree = "<group>"; };
		1286725B724745638D11CABA /* Poppins-ExtraLight.ttf */ = {isa = PBXFileReference; explicitFileType = undefined; fileEncoding = 9; includeInIndex = 0; lastKnownFileType = unknown; name = "Poppins-ExtraLight.ttf"; path = "../src/assets/fonts/Poppins-ExtraLight.ttf"; sourceTree = "<group>"; };
		13B07F961A680F5B00A75B9A /* gptrnbluetooth.app */ = {isa = PBXFileReference; explicitFileType = wrapper.application; includeInIndex = 0; path = gptrnbluetooth.app; sourceTree = BUILT_PRODUCTS_DIR; };
		13B07FAF1A68108700A75B9A /* AppDelegate.h */ = {isa = PBXFileReference; fileEncoding = 4; lastKnownFileType = sourcecode.c.h; name = AppDelegate.h; path = gptrnbluetooth/AppDelegate.h; sourceTree = "<group>"; };
		13B07FB01A68108700A75B9A /* AppDelegate.mm */ = {isa = PBXFileReference; fileEncoding = 4; lastKnownFileType = sourcecode.cpp.objcpp; name = AppDelegate.mm; path = gptrnbluetooth/AppDelegate.mm; sourceTree = "<group>"; };
		13B07FB51A68108700A75B9A /* Images.xcassets */ = {isa = PBXFileReference; lastKnownFileType = folder.assetcatalog; name = Images.xcassets; path = gptrnbluetooth/Images.xcassets; sourceTree = "<group>"; };
		13B07FB61A68108700A75B9A /* Info.plist */ = {isa = PBXFileReference; fileEncoding = 4; lastKnownFileType = text.plist.xml; name = Info.plist; path = gptrnbluetooth/Info.plist; sourceTree = "<group>"; };
		13B07FB71A68108700A75B9A /* main.m */ = {isa = PBXFileReference; fileEncoding = 4; lastKnownFileType = sourcecode.c.objc; name = main.m; path = gptrnbluetooth/main.m; sourceTree = "<group>"; };
		19A282E86C584D9DA20CBFF3 /* Roboto-Medium.ttf */ = {isa = PBXFileReference; explicitFileType = undefined; fileEncoding = 9; includeInIndex = 0; lastKnownFileType = unknown; name = "Roboto-Medium.ttf"; path = "../src/assets/fonts/Roboto-Medium.ttf"; sourceTree = "<group>"; };
		293F08C8907443C1A5F25F88 /* Poppins-BoldItalic.ttf */ = {isa = PBXFileReference; explicitFileType = undefined; fileEncoding = 9; includeInIndex = 0; lastKnownFileType = unknown; name = "Poppins-BoldItalic.ttf"; path = "../src/assets/fonts/Poppins-BoldItalic.ttf"; sourceTree = "<group>"; };
		29DA628A92A14073B683CFAE /* Poppins-SemiBold.ttf */ = {isa = PBXFileReference; explicitFileType = undefined; fileEncoding = 9; includeInIndex = 0; lastKnownFileType = unknown; name = "Poppins-SemiBold.ttf"; path = "../src/assets/fonts/Poppins-SemiBold.ttf"; sourceTree = "<group>"; };
		2AC116DAFC3E42889A9702BD /* CfLcd521Regular-e4Jm.ttf */ = {isa = PBXFileReference; explicitFileType = undefined; fileEncoding = 9; includeInIndex = 0; lastKnownFileType = unknown; name = "CfLcd521Regular-e4Jm.ttf"; path = "../src/assets/fonts/CfLcd521Regular-e4Jm.ttf"; sourceTree = "<group>"; };
		3569BC6F42D248AB9482A3C6 /* Poppins-Regular.ttf */ = {isa = PBXFileReference; explicitFileType = undefined; fileEncoding = 9; includeInIndex = 0; lastKnownFileType = unknown; name = "Poppins-Regular.ttf"; path = "../src/assets/fonts/Poppins-Regular.ttf"; sourceTree = "<group>"; };
		376CD77891E04670AD060824 /* Poppins-MediumItalic.ttf */ = {isa = PBXFileReference; explicitFileType = undefined; fileEncoding = 9; includeInIndex = 0; lastKnownFileType = unknown; name = "Poppins-MediumItalic.ttf"; path = "../src/assets/fonts/Poppins-MediumItalic.ttf"; sourceTree = "<group>"; };
		3C045BCD3F4A454C855AEC87 /* LedDigital7-vmYjy.ttf */ = {isa = PBXFileReference; explicitFileType = undefined; fileEncoding = 9; includeInIndex = 0; lastKnownFileType = unknown; name = "LedDigital7-vmYjy.ttf"; path = "../src/assets/fonts/LedDigital7-vmYjy.ttf"; sourceTree = "<group>"; };
		3E60247DF7932F1044E5C6AE /* Pods-gptrnbluetooth-gptrnbluetoothTests.release.xcconfig */ = {isa = PBXFileReference; includeInIndex = 1; lastKnownFileType = text.xcconfig; name = "Pods-gptrnbluetooth-gptrnbluetoothTests.release.xcconfig"; path = "Target Support Files/Pods-gptrnbluetooth-gptrnbluetoothTests/Pods-gptrnbluetooth-gptrnbluetoothTests.release.xcconfig"; sourceTree = "<group>"; };
		411CAABE48BB476AA1E281B2 /* Poppins-Thin.ttf */ = {isa = PBXFileReference; explicitFileType = undefined; fileEncoding = 9; includeInIndex = 0; lastKnownFileType = unknown; name = "Poppins-Thin.ttf"; path = "../src/assets/fonts/Poppins-Thin.ttf"; sourceTree = "<group>"; };
		4512622FEC8A4935B3D704CF /* Roboto-LightItalic.ttf */ = {isa = PBXFileReference; explicitFileType = undefined; fileEncoding = 9; includeInIndex = 0; lastKnownFileType = unknown; name = "Roboto-LightItalic.ttf"; path = "../src/assets/fonts/Roboto-LightItalic.ttf"; sourceTree = "<group>"; };
		4BC3B082BBE04F57B0BE3862 /* Roboto-Regular.ttf */ = {isa = PBXFileReference; explicitFileType = undefined; fileEncoding = 9; includeInIndex = 0; lastKnownFileType = unknown; name = "Roboto-Regular.ttf"; path = "../src/assets/fonts/Roboto-Regular.ttf"; sourceTree = "<group>"; };
		4EF430EB41DD4F028F7BC432 /* Open24DisplaySt-KRL7.ttf */ = {isa = PBXFileReference; explicitFileType = undefined; fileEncoding = 9; includeInIndex = 0; lastKnownFileType = unknown; name = "Open24DisplaySt-KRL7.ttf"; path = "../src/assets/fonts/Open24DisplaySt-KRL7.ttf"; sourceTree = "<group>"; };
		5170BFD9C8AA9B2EFD2B4FE4 /* Pods-gptrnbluetooth.release.xcconfig */ = {isa = PBXFileReference; includeInIndex = 1; lastKnownFileType = text.xcconfig; name = "Pods-gptrnbluetooth.release.xcconfig"; path = "Target Support Files/Pods-gptrnbluetooth/Pods-gptrnbluetooth.release.xcconfig"; sourceTree = "<group>"; };
		51A0C0C4A4804B7E89652129 /* Poppins-Medium.ttf */ = {isa = PBXFileReference; explicitFileType = undefined; fileEncoding = 9; includeInIndex = 0; lastKnownFileType = unknown; name = "Poppins-Medium.ttf"; path = "../src/assets/fonts/Poppins-Medium.ttf"; sourceTree = "<group>"; };
		533656EF6566443A80CC1DE4 /* Poppins-ExtraBoldItalic.ttf */ = {isa = PBXFileReference; explicitFileType = undefined; fileEncoding = 9; includeInIndex = 0; lastKnownFileType = unknown; name = "Poppins-ExtraBoldItalic.ttf"; path = "../src/assets/fonts/Poppins-ExtraBoldItalic.ttf"; sourceTree = "<group>"; };
		56B57414C1088638AC0364C9 /* libPods-gptrnbluetooth-gptrnbluetoothTests.a */ = {isa = PBXFileReference; explicitFileType = archive.ar; includeInIndex = 0; path = "libPods-gptrnbluetooth-gptrnbluetoothTests.a"; sourceTree = BUILT_PRODUCTS_DIR; };
		580FCCD17DC445D5A903B8AE /* Poppins-BlackItalic.ttf */ = {isa = PBXFileReference; explicitFileType = undefined; fileEncoding = 9; includeInIndex = 0; lastKnownFileType = unknown; name = "Poppins-BlackItalic.ttf"; path = "../src/assets/fonts/Poppins-BlackItalic.ttf"; sourceTree = "<group>"; };
		5D02244524E49467AD3734DC /* Pods-gptrnbluetooth-gptrnbluetoothTests.debug.xcconfig */ = {isa = PBXFileReference; includeInIndex = 1; lastKnownFileType = text.xcconfig; name = "Pods-gptrnbluetooth-gptrnbluetoothTests.debug.xcconfig"; path = "Target Support Files/Pods-gptrnbluetooth-gptrnbluetoothTests/Pods-gptrnbluetooth-gptrnbluetoothTests.debug.xcconfig"; sourceTree = "<group>"; };
		630B8E7959C89BC2E3F2CCA2 /* PrivacyInfo.xcprivacy */ = {isa = PBXFileReference; includeInIndex = 1; name = PrivacyInfo.xcprivacy; path = gptrnbluetooth/PrivacyInfo.xcprivacy; sourceTree = "<group>"; };
		652CF2302EDF456A9CD31AF7 /* Poppins-LightItalic.ttf */ = {isa = PBXFileReference; explicitFileType = undefined; fileEncoding = 9; includeInIndex = 0; lastKnownFileType = unknown; name = "Poppins-LightItalic.ttf"; path = "../src/assets/fonts/Poppins-LightItalic.ttf"; sourceTree = "<group>"; };
		6A02E231A36B416CA0FF1AB6 /* Roboto-Italic.ttf */ = {isa = PBXFileReference; explicitFileType = undefined; fileEncoding = 9; includeInIndex = 0; lastKnownFileType = unknown; name = "Roboto-Italic.ttf"; path = "../src/assets/fonts/Roboto-Italic.ttf"; sourceTree = "<group>"; };
		81AB9BB72411601600AC10FF /* LaunchScreen.storyboard */ = {isa = PBXFileReference; fileEncoding = 4; lastKnownFileType = file.storyboard; name = LaunchScreen.storyboard; path = gptrnbluetooth/LaunchScreen.storyboard; sourceTree = "<group>"; };
		83D7A0DF5DF443BAB7B6485F /* Poppins-ExtraBold.ttf */ = {isa = PBXFileReference; explicitFileType = undefined; fileEncoding = 9; includeInIndex = 0; lastKnownFileType = unknown; name = "Poppins-ExtraBold.ttf"; path = "../src/assets/fonts/Poppins-ExtraBold.ttf"; sourceTree = "<group>"; };
		84393F7BD0FB4B4AB10915EB /* Roboto-Black.ttf */ = {isa = PBXFileReference; explicitFileType = undefined; fileEncoding = 9; includeInIndex = 0; lastKnownFileType = unknown; name = "Roboto-Black.ttf"; path = "../src/assets/fonts/Roboto-Black.ttf"; sourceTree = "<group>"; };
		89879C5EA7BC48F09CCA60E8 /* Roboto-Thin.ttf */ = {isa = PBXFileReference; explicitFileType = undefined; fileEncoding = 9; includeInIndex = 0; lastKnownFileType = unknown; name = "Roboto-Thin.ttf"; path = "../src/assets/fonts/Roboto-Thin.ttf"; sourceTree = "<group>"; };
		8E8D00C083094F50A4C54725 /* Roboto-Bold.ttf */ = {isa = PBXFileReference; explicitFileType = undefined; fileEncoding = 9; includeInIndex = 0; lastKnownFileType = unknown; name = "Roboto-Bold.ttf"; path = "../src/assets/fonts/Roboto-Bold.ttf"; sourceTree = "<group>"; };
		8FF08E6EB0404FD4A8C4D47B /* Poppins-Bold.ttf */ = {isa = PBXFileReference; explicitFileType = undefined; fileEncoding = 9; includeInIndex = 0; lastKnownFileType = unknown; name = "Poppins-Bold.ttf"; path = "../src/assets/fonts/Poppins-Bold.ttf"; sourceTree = "<group>"; };
		90FC4C53480C42C08DDEE5A1 /* Roboto-MediumItalic.ttf */ = {isa = PBXFileReference; explicitFileType = undefined; fileEncoding = 9; includeInIndex = 0; lastKnownFileType = unknown; name = "Roboto-MediumItalic.ttf"; path = "../src/assets/fonts/Roboto-MediumItalic.ttf"; sourceTree = "<group>"; };
		91227625ABB3487698A16EDE /* Poppins-Light.ttf */ = {isa = PBXFileReference; explicitFileType = undefined; fileEncoding = 9; includeInIndex = 0; lastKnownFileType = unknown; name = "Poppins-Light.ttf"; path = "../src/assets/fonts/Poppins-Light.ttf"; sourceTree = "<group>"; };
		9548B21B29A34262B8E9BDEB /* Roboto-BlackItalic.ttf */ = {isa = PBXFileReference; explicitFileType = undefined; fileEncoding = 9; includeInIndex = 0; lastKnownFileType = unknown; name = "Roboto-BlackItalic.ttf"; path = "../src/assets/fonts/Roboto-BlackItalic.ttf"; sourceTree = "<group>"; };
		9803AC132E5F53E100F81AD4 /* MaterialCommunityIcons.ttf */ = {isa = PBXFileReference; lastKnownFileType = file; name = MaterialCommunityIcons.ttf; path = "../node_modules/react-native-vector-icons/Fonts/MaterialCommunityIcons.ttf"; sourceTree = "<group>"; };
		9803AC152E5F540E00F81AD4 /* Ionicons.ttf */ = {isa = PBXFileReference; lastKnownFileType = file; name = Ionicons.ttf; path = "../node_modules/react-native-vector-icons/Fonts/Ionicons.ttf"; sourceTree = "<group>"; };
		A56A79D8B8074C1EBE98B959 /* Poppins-SemiBoldItalic.ttf */ = {isa = PBXFileReference; explicitFileType = undefined; fileEncoding = 9; includeInIndex = 0; lastKnownFileType = unknown; name = "Poppins-SemiBoldItalic.ttf"; path = "../src/assets/fonts/Poppins-SemiBoldItalic.ttf"; sourceTree = "<group>"; };
		B501C0B1412949448BCD9054 /* Roboto-ThinItalic.ttf */ = {isa = PBXFileReference; explicitFileType = undefined; fileEncoding = 9; includeInIndex = 0; lastKnownFileType = unknown; name = "Roboto-ThinItalic.ttf"; path = "../src/assets/fonts/Roboto-ThinItalic.ttf"; sourceTree = "<group>"; };
		B86934AEA675ECF7DDA37A93 /* Pods-gptrnbluetooth.debug.xcconfig */ = {isa = PBXFileReference; includeInIndex = 1; lastKnownFileType = text.xcconfig; name = "Pods-gptrnbluetooth.debug.xcconfig"; path = "Target Support Files/Pods-gptrnbluetooth/Pods-gptrnbluetooth.debug.xcconfig"; sourceTree = "<group>"; };
		B94D1675276F436B9E11F1CC /* Poppins-Italic.ttf */ = {isa = PBXFileReference; explicitFileType = undefined; fileEncoding = 9; includeInIndex = 0; lastKnownFileType = unknown; name = "Poppins-Italic.ttf"; path = "../src/assets/fonts/Poppins-Italic.ttf"; sourceTree = "<group>"; };
		D4E93BFCF8E7AC3F6E2EFB04 /* libPods-gptrnbluetooth.a */ = {isa = PBXFileReference; explicitFileType = archive.ar; includeInIndex = 0; path = "libPods-gptrnbluetooth.a"; sourceTree = BUILT_PRODUCTS_DIR; };
		D899C38EBAAB473981555A95 /* Poppins-ThinItalic.ttf */ = {isa = PBXFileReference; explicitFileType = undefined; fileEncoding = 9; includeInIndex = 0; lastKnownFileType = unknown; name = "Poppins-ThinItalic.ttf"; path = "../src/assets/fonts/Poppins-ThinItalic.ttf"; sourceTree = "<group>"; };
		DC026BB22730417C85EA62FC /* Roboto-Light.ttf */ = {isa = PBXFileReference; explicitFileType = undefined; fileEncoding = 9; includeInIndex = 0; lastKnownFileType = unknown; name = "Roboto-Light.ttf"; path = "../src/assets/fonts/Roboto-Light.ttf"; sourceTree = "<group>"; };
		E804F15EB5F54FAA96302C04 /* Roboto-BoldItalic.ttf */ = {isa = PBXFileReference; explicitFileType = undefined; fileEncoding = 9; includeInIndex = 0; lastKnownFileType = unknown; name = "Roboto-BoldItalic.ttf"; path = "../src/assets/fonts/Roboto-BoldItalic.ttf"; sourceTree = "<group>"; };
		EA9B9B32B57845B2BE90CF78 /* digital-7.ttf */ = {isa = PBXFileReference; explicitFileType = undefined; fileEncoding = 9; includeInIndex = 0; lastKnownFileType = unknown; name = "digital-7.ttf"; path = "../src/assets/fonts/digital-7.ttf"; sourceTree = "<group>"; };
		EC2DE27115324986A6DA0521 /* Segment7-4Gml.otf */ = {isa = PBXFileReference; explicitFileType = undefined; fileEncoding = 9; includeInIndex = 0; lastKnownFileType = unknown; name = "Segment7-4Gml.otf"; path = "../src/assets/fonts/Segment7-4Gml.otf"; sourceTree = "<group>"; };
		ED297162215061F000B7C4FE /* JavaScriptCore.framework */ = {isa = PBXFileReference; lastKnownFileType = wrapper.framework; name = JavaScriptCore.framework; path = System/Library/Frameworks/JavaScriptCore.framework; sourceTree = SDKROOT; };
		FF1B4F5ECD2E4F15B31E3274 /* Poppins-Black.ttf */ = {isa = PBXFileReference; explicitFileType = undefined; fileEncoding = 9; includeInIndex = 0; lastKnownFileType = unknown; name = "Poppins-Black.ttf"; path = "../src/assets/fonts/Poppins-Black.ttf"; sourceTree = "<group>"; };
/* End PBXFileReference section */

/* Begin PBXFrameworksBuildPhase section */
		00E356EB1AD99517003FC87E /* Frameworks */ = {
			isa = PBXFrameworksBuildPhase;
			buildActionMask = 2147483647;
			files = (
				922E9E2C0F0A38DA3807C90F /* libPods-gptrnbluetooth-gptrnbluetoothTests.a in Frameworks */,
			);
			runOnlyForDeploymentPostprocessing = 0;
		};
		13B07F8C1A680F5B00A75B9A /* Frameworks */ = {
			isa = PBXFrameworksBuildPhase;
			buildActionMask = 2147483647;
			files = (
				7BF189D78A0D88B1B6AA9C38 /* libPods-gptrnbluetooth.a in Frameworks */,
			);
			runOnlyForDeploymentPostprocessing = 0;
		};
/* End PBXFrameworksBuildPhase section */

/* Begin PBXGroup section */
		00E356EF1AD99517003FC87E /* gptrnbluetoothTests */ = {
			isa = PBXGroup;
			children = (
				00E356F21AD99517003FC87E /* gptrnbluetoothTests.m */,
				00E356F01AD99517003FC87E /* Supporting Files */,
			);
			path = gptrnbluetoothTests;
			sourceTree = "<group>";
		};
		00E356F01AD99517003FC87E /* Supporting Files */ = {
			isa = PBXGroup;
			children = (
				00E356F11AD99517003FC87E /* Info.plist */,
			);
			name = "Supporting Files";
			sourceTree = "<group>";
		};
		13B07FAE1A68108700A75B9A /* gptrnbluetooth */ = {
			isa = PBXGroup;
			children = (
				13B07FAF1A68108700A75B9A /* AppDelegate.h */,
				13B07FB01A68108700A75B9A /* AppDelegate.mm */,
				13B07FB51A68108700A75B9A /* Images.xcassets */,
				13B07FB61A68108700A75B9A /* Info.plist */,
				81AB9BB72411601600AC10FF /* LaunchScreen.storyboard */,
				13B07FB71A68108700A75B9A /* main.m */,
				630B8E7959C89BC2E3F2CCA2 /* PrivacyInfo.xcprivacy */,
			);
			name = gptrnbluetooth;
			sourceTree = "<group>";
		};
		2D16E6871FA4F8E400B85C8A /* Frameworks */ = {
			isa = PBXGroup;
			children = (
				ED297162215061F000B7C4FE /* JavaScriptCore.framework */,
				D4E93BFCF8E7AC3F6E2EFB04 /* libPods-gptrnbluetooth.a */,
				56B57414C1088638AC0364C9 /* libPods-gptrnbluetooth-gptrnbluetoothTests.a */,
			);
			name = Frameworks;
			sourceTree = "<group>";
		};
		373BBAD2E2AE40AF94422606 /* Resources */ = {
			isa = PBXGroup;
			children = (
				84393F7BD0FB4B4AB10915EB /* Roboto-Black.ttf */,
				9548B21B29A34262B8E9BDEB /* Roboto-BlackItalic.ttf */,
				8E8D00C083094F50A4C54725 /* Roboto-Bold.ttf */,
				E804F15EB5F54FAA96302C04 /* Roboto-BoldItalic.ttf */,
				6A02E231A36B416CA0FF1AB6 /* Roboto-Italic.ttf */,
				DC026BB22730417C85EA62FC /* Roboto-Light.ttf */,
				4512622FEC8A4935B3D704CF /* Roboto-LightItalic.ttf */,
				19A282E86C584D9DA20CBFF3 /* Roboto-Medium.ttf */,
				90FC4C53480C42C08DDEE5A1 /* Roboto-MediumItalic.ttf */,
				4BC3B082BBE04F57B0BE3862 /* Roboto-Regular.ttf */,
				89879C5EA7BC48F09CCA60E8 /* Roboto-Thin.ttf */,
				B501C0B1412949448BCD9054 /* Roboto-ThinItalic.ttf */,
				4EF430EB41DD4F028F7BC432 /* Open24DisplaySt-KRL7.ttf */,
				FF1B4F5ECD2E4F15B31E3274 /* Poppins-Black.ttf */,
				580FCCD17DC445D5A903B8AE /* Poppins-BlackItalic.ttf */,
				8FF08E6EB0404FD4A8C4D47B /* Poppins-Bold.ttf */,
				293F08C8907443C1A5F25F88 /* Poppins-BoldItalic.ttf */,
				83D7A0DF5DF443BAB7B6485F /* Poppins-ExtraBold.ttf */,
				533656EF6566443A80CC1DE4 /* Poppins-ExtraBoldItalic.ttf */,
				1286725B724745638D11CABA /* Poppins-ExtraLight.ttf */,
				0EF4FE1AC12D4B939E445D49 /* Poppins-ExtraLightItalic.ttf */,
				B94D1675276F436B9E11F1CC /* Poppins-Italic.ttf */,
				91227625ABB3487698A16EDE /* Poppins-Light.ttf */,
				652CF2302EDF456A9CD31AF7 /* Poppins-LightItalic.ttf */,
				51A0C0C4A4804B7E89652129 /* Poppins-Medium.ttf */,
				376CD77891E04670AD060824 /* Poppins-MediumItalic.ttf */,
				3569BC6F42D248AB9482A3C6 /* Poppins-Regular.ttf */,
				29DA628A92A14073B683CFAE /* Poppins-SemiBold.ttf */,
				A56A79D8B8074C1EBE98B959 /* Poppins-SemiBoldItalic.ttf */,
				411CAABE48BB476AA1E281B2 /* Poppins-Thin.ttf */,
				D899C38EBAAB473981555A95 /* Poppins-ThinItalic.ttf */,
				EC2DE27115324986A6DA0521 /* Segment7-4Gml.otf */,
				2AC116DAFC3E42889A9702BD /* CfLcd521Regular-e4Jm.ttf */,
				3C045BCD3F4A454C855AEC87 /* LedDigital7-vmYjy.ttf */,
				EA9B9B32B57845B2BE90CF78 /* digital-7.ttf */,
			);
			name = Resources;
			sourceTree = "<group>";
		};
		832341AE1AAA6A7D00B99B32 /* Libraries */ = {
			isa = PBXGroup;
			children = (
			);
			name = Libraries;
			sourceTree = "<group>";
		};
		83CBB9F61A601CBA00E9B192 = {
			isa = PBXGroup;
			children = (
				9803AC152E5F540E00F81AD4 /* Ionicons.ttf */,
				9803AC132E5F53E100F81AD4 /* MaterialCommunityIcons.ttf */,
				13B07FAE1A68108700A75B9A /* gptrnbluetooth */,
				832341AE1AAA6A7D00B99B32 /* Libraries */,
				00E356EF1AD99517003FC87E /* gptrnbluetoothTests */,
				83CBBA001A601CBA00E9B192 /* Products */,
				2D16E6871FA4F8E400B85C8A /* Frameworks */,
				BBD78D7AC51CEA395F1C20DB /* Pods */,
				373BBAD2E2AE40AF94422606 /* Resources */,
			);
			indentWidth = 2;
			sourceTree = "<group>";
			tabWidth = 2;
			usesTabs = 0;
		};
		83CBBA001A601CBA00E9B192 /* Products */ = {
			isa = PBXGroup;
			children = (
				13B07F961A680F5B00A75B9A /* gptrnbluetooth.app */,
				00E356EE1AD99517003FC87E /* gptrnbluetoothTests.xctest */,
			);
			name = Products;
			sourceTree = "<group>";
		};
		BBD78D7AC51CEA395F1C20DB /* Pods */ = {
			isa = PBXGroup;
			children = (
				B86934AEA675ECF7DDA37A93 /* Pods-gptrnbluetooth.debug.xcconfig */,
				5170BFD9C8AA9B2EFD2B4FE4 /* Pods-gptrnbluetooth.release.xcconfig */,
				5D02244524E49467AD3734DC /* Pods-gptrnbluetooth-gptrnbluetoothTests.debug.xcconfig */,
				3E60247DF7932F1044E5C6AE /* Pods-gptrnbluetooth-gptrnbluetoothTests.release.xcconfig */,
			);
			path = Pods;
			sourceTree = "<group>";
		};
/* End PBXGroup section */

/* Begin PBXNativeTarget section */
		00E356ED1AD99517003FC87E /* gptrnbluetoothTests */ = {
			isa = PBXNativeTarget;
			buildConfigurationList = 00E357021AD99517003FC87E /* Build configuration list for PBXNativeTarget "gptrnbluetoothTests" */;
			buildPhases = (
				2D881DEE301E7BA86530348F /* [CP] Check Pods Manifest.lock */,
				00E356EA1AD99517003FC87E /* Sources */,
				00E356EB1AD99517003FC87E /* Frameworks */,
				00E356EC1AD99517003FC87E /* Resources */,
				FCB92883634478DCA46A88A3 /* [CP] Embed Pods Frameworks */,
				457CB819B0DEB935113A70CD /* [CP] Copy Pods Resources */,
			);
			buildRules = (
			);
			dependencies = (
				00E356F51AD99517003FC87E /* PBXTargetDependency */,
			);
			name = gptrnbluetoothTests;
			productName = gptrnbluetoothTests;
			productReference = 00E356EE1AD99517003FC87E /* gptrnbluetoothTests.xctest */;
			productType = "com.apple.product-type.bundle.unit-test";
		};
		13B07F861A680F5B00A75B9A /* gptrnbluetooth */ = {
			isa = PBXNativeTarget;
			buildConfigurationList = 13B07F931A680F5B00A75B9A /* Build configuration list for PBXNativeTarget "gptrnbluetooth" */;
			buildPhases = (
				F05559E3FC556814171E7A29 /* [CP] Check Pods Manifest.lock */,
				13B07F871A680F5B00A75B9A /* Sources */,
				13B07F8C1A680F5B00A75B9A /* Frameworks */,
				13B07F8E1A680F5B00A75B9A /* Resources */,
				00DD1BFF1BD5951E006B06BC /* Bundle React Native code and images */,
				333BEE3F3C8F89782D5028E8 /* [CP] Embed Pods Frameworks */,
				380CD9FB15872FBE99C364F6 /* [CP] Copy Pods Resources */,
			);
			buildRules = (
			);
			dependencies = (
			);
			name = gptrnbluetooth;
			productName = gptrnbluetooth;
			productReference = 13B07F961A680F5B00A75B9A /* gptrnbluetooth.app */;
			productType = "com.apple.product-type.application";
		};
/* End PBXNativeTarget section */

/* Begin PBXProject section */
		83CBB9F71A601CBA00E9B192 /* Project object */ = {
			isa = PBXProject;
			attributes = {
				LastUpgradeCheck = 1210;
				TargetAttributes = {
					00E356ED1AD99517003FC87E = {
						CreatedOnToolsVersion = 6.2;
						TestTargetID = 13B07F861A680F5B00A75B9A;
					};
					13B07F861A680F5B00A75B9A = {
						LastSwiftMigration = 1120;
					};
				};
			};
			buildConfigurationList = 83CBB9FA1A601CBA00E9B192 /* Build configuration list for PBXProject "gptrnbluetooth" */;
			compatibilityVersion = "Xcode 12.0";
			developmentRegion = en;
			hasScannedForEncodings = 0;
			knownRegions = (
				en,
				Base,
			);
			mainGroup = 83CBB9F61A601CBA00E9B192;
			productRefGroup = 83CBBA001A601CBA00E9B192 /* Products */;
			projectDirPath = "";
			projectRoot = "";
			targets = (
				13B07F861A680F5B00A75B9A /* gptrnbluetooth */,
				00E356ED1AD99517003FC87E /* gptrnbluetoothTests */,
			);
		};
/* End PBXProject section */

/* Begin PBXResourcesBuildPhase section */
		00E356EC1AD99517003FC87E /* Resources */ = {
			isa = PBXResourcesBuildPhase;
			buildActionMask = 2147483647;
			files = (
			);
			runOnlyForDeploymentPostprocessing = 0;
		};
		13B07F8E1A680F5B00A75B9A /* Resources */ = {
			isa = PBXResourcesBuildPhase;
			buildActionMask = 2147483647;
			files = (
				DB9021206A024CC78113F6A6 /* Roboto-Black.ttf in Resources */,
				4270F176A86A4B51A11A7054 /* Roboto-BlackItalic.ttf in Resources */,
				ACF89F690E0043CE9FDB68D4 /* Roboto-Bold.ttf in Resources */,
				88F1D1B50DFD484DA75D1963 /* Roboto-BoldItalic.ttf in Resources */,
				FDEACB715B01467EBFFAE9A7 /* Roboto-Italic.ttf in Resources */,
				EF16D9AFE0F440E7AADC79B6 /* Roboto-Light.ttf in Resources */,
				3B5A618D42054FB4863931F8 /* Roboto-LightItalic.ttf in Resources */,
				12804BC1C7E6469B8FAC3348 /* Roboto-Medium.ttf in Resources */,
				F2B3E643609547E6B639EB16 /* Roboto-MediumItalic.ttf in Resources */,
				9847ADC92E609CA0008EE05E /* Images.xcassets in Resources */,
				EC5D327754A34775941CDA6C /* Roboto-Regular.ttf in Resources */,
				4362A5DCFF0346919792ACD8 /* Roboto-Thin.ttf in Resources */,
				4FE32A93FE364C83AD3D01AB /* Roboto-ThinItalic.ttf in Resources */,
				7D0750F8CF624C6BADCAF8B6 /* Open24DisplaySt-KRL7.ttf in Resources */,
				CA2A7DCE60D5400AA0E2109F /* Poppins-Black.ttf in Resources */,
				69553C016D8747569FFB1E72 /* Poppins-BlackItalic.ttf in Resources */,
				421C5CEC8C634082AD12C7F4 /* Poppins-Bold.ttf in Resources */,
				0B15064F290744EBA8453F1F /* Poppins-BoldItalic.ttf in Resources */,
				07BB0099D1364F268536D8EE /* Poppins-ExtraBold.ttf in Resources */,
				8D36474BECB4459A92DA2094 /* Poppins-ExtraBoldItalic.ttf in Resources */,
				09B4EC340AA2478B911CF477 /* Poppins-ExtraLight.ttf in Resources */,
				2C0A451DDFC84BBEAB2FC191 /* Poppins-ExtraLightItalic.ttf in Resources */,
				62903AB967DE4AFDAA3E8906 /* Poppins-Italic.ttf in Resources */,
				9ACF7226B4A04A62A744253D /* Poppins-Light.ttf in Resources */,
				DEF313A07E394F83901D6B0F /* Poppins-LightItalic.ttf in Resources */,
				8F296ED376374A70930D0F92 /* Poppins-Medium.ttf in Resources */,
				C787C116187548EBAAB4F8BC /* Poppins-MediumItalic.ttf in Resources */,
				A011E592505F4C3EB7D5DC50 /* Poppins-Regular.ttf in Resources */,
				89933208BDA24CE587BEAFB5 /* Poppins-SemiBold.ttf in Resources */,
				57323CB1A3AD43E3BD6E4E14 /* Poppins-SemiBoldItalic.ttf in Resources */,
				F3D6428271A9483D874F0D24 /* Poppins-Thin.ttf in Resources */,
				039C3B90015E4ED2B15C4444 /* Poppins-ThinItalic.ttf in Resources */,
				8AA567BAF0CA469296E29917 /* Segment7-4Gml.otf in Resources */,
				7200B003914F48D2BBBCFBA8 /* CfLcd521Regular-e4Jm.ttf in Resources */,
				BA3A23A2DA98439FA1CB7A98 /* LedDigital7-vmYjy.ttf in Resources */,
				25B2E43B16274EF9A30988E1 /* digital-7.ttf in Resources */,
				E357B9CF4B17B58FFACC7C3A /* PrivacyInfo.xcprivacy in Resources */,
			);
			runOnlyForDeploymentPostprocessing = 0;
		};
/* End PBXResourcesBuildPhase section */

/* Begin PBXShellScriptBuildPhase section */
		00DD1BFF1BD5951E006B06BC /* Bundle React Native code and images */ = {
			isa = PBXShellScriptBuildPhase;
			buildActionMask = 2147483647;
			files = (
			);
			inputPaths = (
				"$(SRCROOT)/.xcode.env.local",
				"$(SRCROOT)/.xcode.env",
			);
			name = "Bundle React Native code and images";
			outputPaths = (
			);
			runOnlyForDeploymentPostprocessing = 0;
			shellPath = /bin/sh;
			shellScript = "set -e\n\nWITH_ENVIRONMENT=\"../node_modules/react-native/scripts/xcode/with-environment.sh\"\nREACT_NATIVE_XCODE=\"../node_modules/react-native/scripts/react-native-xcode.sh\"\n\n/bin/sh -c \"$WITH_ENVIRONMENT $REACT_NATIVE_XCODE\"\n";
		};
		2D881DEE301E7BA86530348F /* [CP] Check Pods Manifest.lock */ = {
			isa = PBXShellScriptBuildPhase;
			buildActionMask = 2147483647;
			files = (
			);
			inputFileListPaths = (
			);
			inputPaths = (
				"${PODS_PODFILE_DIR_PATH}/Podfile.lock",
				"${PODS_ROOT}/Manifest.lock",
			);
			name = "[CP] Check Pods Manifest.lock";
			outputFileListPaths = (
			);
			outputPaths = (
				"$(DERIVED_FILE_DIR)/Pods-gptrnbluetooth-gptrnbluetoothTests-checkManifestLockResult.txt",
			);
			runOnlyForDeploymentPostprocessing = 0;
			shellPath = /bin/sh;
			shellScript = "diff \"${PODS_PODFILE_DIR_PATH}/Podfile.lock\" \"${PODS_ROOT}/Manifest.lock\" > /dev/null\nif [ $? != 0 ] ; then\n    # print error to STDERR\n    echo \"error: The sandbox is not in sync with the Podfile.lock. Run 'pod install' or update your CocoaPods installation.\" >&2\n    exit 1\nfi\n# This output is used by Xcode 'outputs' to avoid re-running this script phase.\necho \"SUCCESS\" > \"${SCRIPT_OUTPUT_FILE_0}\"\n";
			showEnvVarsInLog = 0;
		};
		333BEE3F3C8F89782D5028E8 /* [CP] Embed Pods Frameworks */ = {
			isa = PBXShellScriptBuildPhase;
			buildActionMask = 2147483647;
			files = (
			);
			inputFileListPaths = (
				"${PODS_ROOT}/Target Support Files/Pods-gptrnbluetooth/Pods-gptrnbluetooth-frameworks-${CONFIGURATION}-input-files.xcfilelist",
			);
			name = "[CP] Embed Pods Frameworks";
			outputFileListPaths = (
				"${PODS_ROOT}/Target Support Files/Pods-gptrnbluetooth/Pods-gptrnbluetooth-frameworks-${CONFIGURATION}-output-files.xcfilelist",
			);
			runOnlyForDeploymentPostprocessing = 0;
			shellPath = /bin/sh;
			shellScript = "\"${PODS_ROOT}/Target Support Files/Pods-gptrnbluetooth/Pods-gptrnbluetooth-frameworks.sh\"\n";
			showEnvVarsInLog = 0;
		};
		380CD9FB15872FBE99C364F6 /* [CP] Copy Pods Resources */ = {
			isa = PBXShellScriptBuildPhase;
			buildActionMask = 2147483647;
			files = (
			);
			inputFileListPaths = (
				"${PODS_ROOT}/Target Support Files/Pods-gptrnbluetooth/Pods-gptrnbluetooth-resources-${CONFIGURATION}-input-files.xcfilelist",
			);
			name = "[CP] Copy Pods Resources";
			outputFileListPaths = (
				"${PODS_ROOT}/Target Support Files/Pods-gptrnbluetooth/Pods-gptrnbluetooth-resources-${CONFIGURATION}-output-files.xcfilelist",
			);
			runOnlyForDeploymentPostprocessing = 0;
			shellPath = /bin/sh;
			shellScript = "\"${PODS_ROOT}/Target Support Files/Pods-gptrnbluetooth/Pods-gptrnbluetooth-resources.sh\"\n";
			showEnvVarsInLog = 0;
		};
		457CB819B0DEB935113A70CD /* [CP] Copy Pods Resources */ = {
			isa = PBXShellScriptBuildPhase;
			buildActionMask = 2147483647;
			files = (
			);
			inputFileListPaths = (
				"${PODS_ROOT}/Target Support Files/Pods-gptrnbluetooth-gptrnbluetoothTests/Pods-gptrnbluetooth-gptrnbluetoothTests-resources-${CONFIGURATION}-input-files.xcfilelist",
			);
			name = "[CP] Copy Pods Resources";
			outputFileListPaths = (
				"${PODS_ROOT}/Target Support Files/Pods-gptrnbluetooth-gptrnbluetoothTests/Pods-gptrnbluetooth-gptrnbluetoothTests-resources-${CONFIGURATION}-output-files.xcfilelist",
			);
			runOnlyForDeploymentPostprocessing = 0;
			shellPath = /bin/sh;
			shellScript = "\"${PODS_ROOT}/Target Support Files/Pods-gptrnbluetooth-gptrnbluetoothTests/Pods-gptrnbluetooth-gptrnbluetoothTests-resources.sh\"\n";
			showEnvVarsInLog = 0;
		};
		F05559E3FC556814171E7A29 /* [CP] Check Pods Manifest.lock */ = {
			isa = PBXShellScriptBuildPhase;
			buildActionMask = 2147483647;
			files = (
			);
			inputFileListPaths = (
			);
			inputPaths = (
				"${PODS_PODFILE_DIR_PATH}/Podfile.lock",
				"${PODS_ROOT}/Manifest.lock",
			);
			name = "[CP] Check Pods Manifest.lock";
			outputFileListPaths = (
			);
			outputPaths = (
				"$(DERIVED_FILE_DIR)/Pods-gptrnbluetooth-checkManifestLockResult.txt",
			);
			runOnlyForDeploymentPostprocessing = 0;
			shellPath = /bin/sh;
			shellScript = "diff \"${PODS_PODFILE_DIR_PATH}/Podfile.lock\" \"${PODS_ROOT}/Manifest.lock\" > /dev/null\nif [ $? != 0 ] ; then\n    # print error to STDERR\n    echo \"error: The sandbox is not in sync with the Podfile.lock. Run 'pod install' or update your CocoaPods installation.\" >&2\n    exit 1\nfi\n# This output is used by Xcode 'outputs' to avoid re-running this script phase.\necho \"SUCCESS\" > \"${SCRIPT_OUTPUT_FILE_0}\"\n";
			showEnvVarsInLog = 0;
		};
		FCB92883634478DCA46A88A3 /* [CP] Embed Pods Frameworks */ = {
			isa = PBXShellScriptBuildPhase;
			buildActionMask = 2147483647;
			files = (
			);
			inputFileListPaths = (
				"${PODS_ROOT}/Target Support Files/Pods-gptrnbluetooth-gptrnbluetoothTests/Pods-gptrnbluetooth-gptrnbluetoothTests-frameworks-${CONFIGURATION}-input-files.xcfilelist",
			);
			name = "[CP] Embed Pods Frameworks";
			outputFileListPaths = (
				"${PODS_ROOT}/Target Support Files/Pods-gptrnbluetooth-gptrnbluetoothTests/Pods-gptrnbluetooth-gptrnbluetoothTests-frameworks-${CONFIGURATION}-output-files.xcfilelist",
			);
			runOnlyForDeploymentPostprocessing = 0;
			shellPath = /bin/sh;
			shellScript = "\"${PODS_ROOT}/Target Support Files/Pods-gptrnbluetooth-gptrnbluetoothTests/Pods-gptrnbluetooth-gptrnbluetoothTests-frameworks.sh\"\n";
			showEnvVarsInLog = 0;
		};
/* End PBXShellScriptBuildPhase section */

/* Begin PBXSourcesBuildPhase section */
		00E356EA1AD99517003FC87E /* Sources */ = {
			isa = PBXSourcesBuildPhase;
			buildActionMask = 2147483647;
			files = (
				00E356F31AD99517003FC87E /* gptrnbluetoothTests.m in Sources */,
			);
			runOnlyForDeploymentPostprocessing = 0;
		};
		13B07F871A680F5B00A75B9A /* Sources */ = {
			isa = PBXSourcesBuildPhase;
			buildActionMask = 2147483647;
			files = (
				13B07FBC1A68108700A75B9A /* AppDelegate.mm in Sources */,
				13B07FC11A68108700A75B9A /* main.m in Sources */,
			);
			runOnlyForDeploymentPostprocessing = 0;
		};
/* End PBXSourcesBuildPhase section */

/* Begin PBXTargetDependency section */
		00E356F51AD99517003FC87E /* PBXTargetDependency */ = {
			isa = PBXTargetDependency;
			target = 13B07F861A680F5B00A75B9A /* gptrnbluetooth */;
			targetProxy = 00E356F41AD99517003FC87E /* PBXContainerItemProxy */;
		};
/* End PBXTargetDependency section */

/* Begin XCBuildConfiguration section */
		00E356F61AD99517003FC87E /* Debug */ = {
			isa = XCBuildConfiguration;
			baseConfigurationReference = 5D02244524E49467AD3734DC /* Pods-gptrnbluetooth-gptrnbluetoothTests.debug.xcconfig */;
			buildSettings = {
				BUNDLE_LOADER = "$(TEST_HOST)";
				GCC_PREPROCESSOR_DEFINITIONS = (
					"DEBUG=1",
					"$(inherited)",
				);
				INFOPLIST_FILE = gptrnbluetoothTests/Info.plist;
				IPHONEOS_DEPLOYMENT_TARGET = 13.4;
				LD_RUNPATH_SEARCH_PATHS = (
					"$(inherited)",
					"@executable_path/Frameworks",
					"@loader_path/Frameworks",
				);
				OTHER_LDFLAGS = (
					"-ObjC",
					"-lc++",
					"$(inherited)",
				);
				PRODUCT_BUNDLE_IDENTIFIER = "org.reactjs.native.example.$(PRODUCT_NAME:rfc1034identifier)";
				PRODUCT_NAME = "$(TARGET_NAME)";
				TEST_HOST = "$(BUILT_PRODUCTS_DIR)/gptrnbluetooth.app/gptrnbluetooth";
			};
			name = Debug;
		};
		00E356F71AD99517003FC87E /* Release */ = {
			isa = XCBuildConfiguration;
			baseConfigurationReference = 3E60247DF7932F1044E5C6AE /* Pods-gptrnbluetooth-gptrnbluetoothTests.release.xcconfig */;
			buildSettings = {
				BUNDLE_LOADER = "$(TEST_HOST)";
				COPY_PHASE_STRIP = NO;
				INFOPLIST_FILE = gptrnbluetoothTests/Info.plist;
				IPHONEOS_DEPLOYMENT_TARGET = 13.4;
				LD_RUNPATH_SEARCH_PATHS = (
					"$(inherited)",
					"@executable_path/Frameworks",
					"@loader_path/Frameworks",
				);
				OTHER_LDFLAGS = (
					"-ObjC",
					"-lc++",
					"$(inherited)",
				);
				PRODUCT_BUNDLE_IDENTIFIER = "org.reactjs.native.example.$(PRODUCT_NAME:rfc1034identifier)";
				PRODUCT_NAME = "$(TARGET_NAME)";
				TEST_HOST = "$(BUILT_PRODUCTS_DIR)/gptrnbluetooth.app/gptrnbluetooth";
			};
			name = Release;
		};
		13B07F941A680F5B00A75B9A /* Debug */ = {
			isa = XCBuildConfiguration;
			baseConfigurationReference = B86934AEA675ECF7DDA37A93 /* Pods-gptrnbluetooth.debug.xcconfig */;
			buildSettings = {
				ASSETCATALOG_COMPILER_APPICON_NAME = AppIcon;
				ASSETCATALOG_COMPILER_INCLUDE_ALL_APPICON_ASSETS = NO;
				CLANG_ENABLE_MODULES = YES;
				CURRENT_PROJECT_VERSION = 1;
				DEVELOPMENT_TEAM = 99YNMC58U9;
				ENABLE_BITCODE = NO;
				FRAMEWORK_SEARCH_PATHS = (
					"$(inherited)",
					"$(PROJECT_DIR)/Pods/hermes-engine/destroot/Library/Frameworks/macosx",
				);
				INFOPLIST_FILE = gptrnbluetooth/Info.plist;
				INFOPLIST_KEY_CFBundleDisplayName = DOSIMAC;
				LD_RUNPATH_SEARCH_PATHS = (
					"$(inherited)",
					"@executable_path/Frameworks",
				);
				MARKETING_VERSION = 1.1;
				OTHER_LDFLAGS = (
					"$(inherited)",
					"-ObjC",
					"-lc++",
				);
				PRODUCT_BUNDLE_IDENTIFIER = "org.reactjs.native.example.$(PRODUCT_NAME:rfc1034identifier)";
				"PRODUCT_BUNDLE_IDENTIFIER[sdk=iphoneos*]" = com.gptrnbluetoothv2;
				PRODUCT_NAME = gptrnbluetooth;
				SWIFT_OPTIMIZATION_LEVEL = "-Onone";
				SWIFT_VERSION = 5.0;
				VERSIONING_SYSTEM = "apple-generic";
			};
			name = Debug;
		};
		13B07F951A680F5B00A75B9A /* Release */ = {
			isa = XCBuildConfiguration;
			baseConfigurationReference = 5170BFD9C8AA9B2EFD2B4FE4 /* Pods-gptrnbluetooth.release.xcconfig */;
			buildSettings = {
				ASSETCATALOG_COMPILER_APPICON_NAME = AppIcon;
				ASSETCATALOG_COMPILER_INCLUDE_ALL_APPICON_ASSETS = NO;
				CLANG_ENABLE_MODULES = YES;
				CURRENT_PROJECT_VERSION = 1;
				DEVELOPMENT_TEAM = 99YNMC58U9;
				FRAMEWORK_SEARCH_PATHS = (
					"$(inherited)",
					"$(PROJECT_DIR)/Pods/hermes-engine/destroot/Library/Frameworks/macosx",
				);
				INFOPLIST_FILE = gptrnbluetooth/Info.plist;
				INFOPLIST_KEY_CFBundleDisplayName = DOSIMAC;
				LD_RUNPATH_SEARCH_PATHS = (
					"$(inherited)",
					"@executable_path/Frameworks",
				);
				MARKETING_VERSION = 1.1;
				OTHER_LDFLAGS = (
					"$(inherited)",
					"-ObjC",
					"-lc++",
				);
				PRODUCT_BUNDLE_IDENTIFIER = "org.reactjs.native.example.$(PRODUCT_NAME:rfc1034identifier)";
				"PRODUCT_BUNDLE_IDENTIFIER[sdk=iphoneos*]" = com.gptrnbluetoothv3;
				PRODUCT_NAME = gptrnbluetooth;
				SWIFT_VERSION = 5.0;
				VERSIONING_SYSTEM = "apple-generic";
			};
			name = Release;
		};
		83CBBA201A601CBA00E9B192 /* Debug */ = {
			isa = XCBuildConfiguration;
			buildSettings = {
				ALWAYS_SEARCH_USER_PATHS = NO;
				CLANG_ANALYZER_LOCALIZABILITY_NONLOCALIZED = YES;
				CLANG_CXX_LANGUAGE_STANDARD = "c++20";
				CLANG_CXX_LIBRARY = "libc++";
				CLANG_ENABLE_MODULES = YES;
				CLANG_ENABLE_OBJC_ARC = YES;
				CLANG_WARN_BLOCK_CAPTURE_AUTORELEASING = YES;
				CLANG_WARN_BOOL_CONVERSION = YES;
				CLANG_WARN_COMMA = YES;
				CLANG_WARN_CONSTANT_CONVERSION = YES;
				CLANG_WARN_DEPRECATED_OBJC_IMPLEMENTATIONS = YES;
				CLANG_WARN_DIRECT_OBJC_ISA_USAGE = YES_ERROR;
				CLANG_WARN_EMPTY_BODY = YES;
				CLANG_WARN_ENUM_CONVERSION = YES;
				CLANG_WARN_INFINITE_RECURSION = YES;
				CLANG_WARN_INT_CONVERSION = YES;
				CLANG_WARN_NON_LITERAL_NULL_CONVERSION = YES;
				CLANG_WARN_OBJC_IMPLICIT_RETAIN_SELF = YES;
				CLANG_WARN_OBJC_LITERAL_CONVERSION = YES;
				CLANG_WARN_OBJC_ROOT_CLASS = YES_ERROR;
				CLANG_WARN_QUOTED_INCLUDE_IN_FRAMEWORK_HEADER = YES;
				CLANG_WARN_RANGE_LOOP_ANALYSIS = YES;
				CLANG_WARN_STRICT_PROTOTYPES = YES;
				CLANG_WARN_SUSPICIOUS_MOVE = YES;
				CLANG_WARN_UNREACHABLE_CODE = YES;
				CLANG_WARN__DUPLICATE_METHOD_MATCH = YES;
				"CODE_SIGN_IDENTITY[sdk=iphoneos*]" = "iPhone Developer";
				COPY_PHASE_STRIP = NO;
				ENABLE_STRICT_OBJC_MSGSEND = YES;
				ENABLE_TESTABILITY = YES;
				"EXCLUDED_ARCHS[sdk=iphonesimulator*]" = i386;
				GCC_C_LANGUAGE_STANDARD = gnu99;
				GCC_DYNAMIC_NO_PIC = NO;
				GCC_NO_COMMON_BLOCKS = YES;
				GCC_OPTIMIZATION_LEVEL = 0;
				GCC_PREPROCESSOR_DEFINITIONS = (
					"DEBUG=1",
					"$(inherited)",
				);
				GCC_SYMBOLS_PRIVATE_EXTERN = NO;
				GCC_WARN_64_TO_32_BIT_CONVERSION = YES;
				GCC_WARN_ABOUT_RETURN_TYPE = YES_ERROR;
				GCC_WARN_UNDECLARED_SELECTOR = YES;
				GCC_WARN_UNINITIALIZED_AUTOS = YES_AGGRESSIVE;
				GCC_WARN_UNUSED_FUNCTION = YES;
				GCC_WARN_UNUSED_VARIABLE = YES;
				IPHONEOS_DEPLOYMENT_TARGET = 13.4;
				LD_RUNPATH_SEARCH_PATHS = (
					/usr/lib/swift,
					"$(inherited)",
				);
				LIBRARY_SEARCH_PATHS = (
					"\"$(SDKROOT)/usr/lib/swift\"",
					"\"$(TOOLCHAIN_DIR)/usr/lib/swift/$(PLATFORM_NAME)\"",
					"\"$(inherited)\"",
				);
				MTL_ENABLE_DEBUG_INFO = YES;
				ONLY_ACTIVE_ARCH = YES;
				OTHER_CFLAGS = "$(inherited)";
				OTHER_CPLUSPLUSFLAGS = (
					"$(OTHER_CFLAGS)",
					"-DFOLLY_NO_CONFIG",
					"-DFOLLY_MOBILE=1",
					"-DFOLLY_USE_LIBCPP=1",
					"-DFOLLY_CFG_NO_COROUTINES=1",
				);
				OTHER_LDFLAGS = "$(inherited)";
				REACT_NATIVE_PATH = "${PODS_ROOT}/../../node_modules/react-native";
				SDKROOT = iphoneos;
				SWIFT_ACTIVE_COMPILATION_CONDITIONS = "$(inherited) DEBUG";
				USE_HERMES = true;
			};
			name = Debug;
		};
		83CBBA211A601CBA00E9B192 /* Release */ = {
			isa = XCBuildConfiguration;
			buildSettings = {
				ALWAYS_SEARCH_USER_PATHS = NO;
				CLANG_ANALYZER_LOCALIZABILITY_NONLOCALIZED = YES;
				CLANG_CXX_LANGUAGE_STANDARD = "c++20";
				CLANG_CXX_LIBRARY = "libc++";
				CLANG_ENABLE_MODULES = YES;
				CLANG_ENABLE_OBJC_ARC = YES;
				CLANG_WARN_BLOCK_CAPTURE_AUTORELEASING = YES;
				CLANG_WARN_BOOL_CONVERSION = YES;
				CLANG_WARN_COMMA = YES;
				CLANG_WARN_CONSTANT_CONVERSION = YES;
				CLANG_WARN_DEPRECATED_OBJC_IMPLEMENTATIONS = YES;
				CLANG_WARN_DIRECT_OBJC_ISA_USAGE = YES_ERROR;
				CLANG_WARN_EMPTY_BODY = YES;
				CLANG_WARN_ENUM_CONVERSION = YES;
				CLANG_WARN_INFINITE_RECURSION = YES;
				CLANG_WARN_INT_CONVERSION = YES;
				CLANG_WARN_NON_LITERAL_NULL_CONVERSION = YES;
				CLANG_WARN_OBJC_IMPLICIT_RETAIN_SELF = YES;
				CLANG_WARN_OBJC_LITERAL_CONVERSION = YES;
				CLANG_WARN_OBJC_ROOT_CLASS = YES_ERROR;
				CLANG_WARN_QUOTED_INCLUDE_IN_FRAMEWORK_HEADER = YES;
				CLANG_WARN_RANGE_LOOP_ANALYSIS = YES;
				CLANG_WARN_STRICT_PROTOTYPES = YES;
				CLANG_WARN_SUSPICIOUS_MOVE = YES;
				CLANG_WARN_UNREACHABLE_CODE = YES;
				CLANG_WARN__DUPLICATE_METHOD_MATCH = YES;
				"CODE_SIGN_IDENTITY[sdk=iphoneos*]" = "iPhone Developer";
				COPY_PHASE_STRIP = YES;
				ENABLE_NS_ASSERTIONS = NO;
				ENABLE_STRICT_OBJC_MSGSEND = YES;
				"EXCLUDED_ARCHS[sdk=iphonesimulator*]" = i386;
				GCC_C_LANGUAGE_STANDARD = gnu99;
				GCC_NO_COMMON_BLOCKS = YES;
				GCC_WARN_64_TO_32_BIT_CONVERSION = YES;
				GCC_WARN_ABOUT_RETURN_TYPE = YES_ERROR;
				GCC_WARN_UNDECLARED_SELECTOR = YES;
				GCC_WARN_UNINITIALIZED_AUTOS = YES_AGGRESSIVE;
				GCC_WARN_UNUSED_FUNCTION = YES;
				GCC_WARN_UNUSED_VARIABLE = YES;
				IPHONEOS_DEPLOYMENT_TARGET = 13.4;
				LD_RUNPATH_SEARCH_PATHS = (
					/usr/lib/swift,
					"$(inherited)",
				);
				LIBRARY_SEARCH_PATHS = (
					"\"$(SDKROOT)/usr/lib/swift\"",
					"\"$(TOOLCHAIN_DIR)/usr/lib/swift/$(PLATFORM_NAME)\"",
					"\"$(inherited)\"",
				);
				MTL_ENABLE_DEBUG_INFO = NO;
				OTHER_CFLAGS = "$(inherited)";
				OTHER_CPLUSPLUSFLAGS = (
					"$(OTHER_CFLAGS)",
					"-DFOLLY_NO_CONFIG",
					"-DFOLLY_MOBILE=1",
					"-DFOLLY_USE_LIBCPP=1",
					"-DFOLLY_CFG_NO_COROUTINES=1",
				);
				OTHER_LDFLAGS = "$(inherited)";
				REACT_NATIVE_PATH = "${PODS_ROOT}/../../node_modules/react-native";
				SDKROOT = iphoneos;
				USE_HERMES = true;
				VALIDATE_PRODUCT = YES;
			};
			name = Release;
		};
/* End XCBuildConfiguration section */

/* Begin XCConfigurationList section */
		00E357021AD99517003FC87E /* Build configuration list for PBXNativeTarget "gptrnbluetoothTests" */ = {
			isa = XCConfigurationList;
			buildConfigurations = (
				00E356F61AD99517003FC87E /* Debug */,
				00E356F71AD99517003FC87E /* Release */,
			);
			defaultConfigurationIsVisible = 0;
			defaultConfigurationName = Release;
		};
		13B07F931A680F5B00A75B9A /* Build configuration list for PBXNativeTarget "gptrnbluetooth" */ = {
			isa = XCConfigurationList;
			buildConfigurations = (
				13B07F941A680F5B00A75B9A /* Debug */,
				13B07F951A680F5B00A75B9A /* Release */,
			);
			defaultConfigurationIsVisible = 0;
			defaultConfigurationName = Release;
		};
		83CBB9FA1A601CBA00E9B192 /* Build configuration list for PBXProject "gptrnbluetooth" */ = {
			isa = XCConfigurationList;
			buildConfigurations = (
				83CBBA201A601CBA00E9B192 /* Debug */,
				83CBBA211A601CBA00E9B192 /* Release */,
			);
			defaultConfigurationIsVisible = 0;
			defaultConfigurationName = Release;
		};
/* End XCConfigurationList section */
	};
	rootObject = 83CBB9F71A601CBA00E9B192 /* Project object */;
}
